
Microsoft Visual Studio Solution File, Format Version 12.00
# Visual Studio Version 17
VisualStudioVersion = 17.4.33213.308
MinimumVisualStudioVersion = 10.0.40219.1
Project("{FAE04EC0-301F-11D3-BF4B-00C04F79EFBC}") = "BlogWeb", "BlogWeb\BlogWeb.csproj", "{A3D4DFFD-E125-41EC-8031-9CECCAFAC227}"
EndProject
Project("{FAE04EC0-301F-11D3-BF4B-00C04F79EFBC}") = "BlogEntity", "BlogEntity\BlogEntity.csproj", "{17B5207A-FAE4-4FF2-A6B9-366C5B3D3255}"
EndProject
Project("{FAE04EC0-301F-11D3-BF4B-00C04F79EFBC}") = "BlogData", "BlogData\BlogData.csproj", "{38B31EF5-FC9C-4C46-831F-E483D98FA0F4}"
EndProject
Project("{FAE04EC0-301F-11D3-BF4B-00C04F79EFBC}") = "BlogService", "BlogService\BlogService.csproj", "{F9177CF8-A738-4C50-98E1-62F3B5848D8B}"
EndProject
Project("{FAE04EC0-301F-11D3-BF4B-00C04F79EFBC}") = "BlogCore", "BlogCore\BlogCore.csproj", "{1328FDE9-FE79-4569-B402-97C45B43A13C}"
EndProject
Global
	GlobalSection(SolutionConfigurationPlatforms) = preSolution
		Debug|Any CPU = Debug|Any CPU
		Release|Any CPU = Release|Any CPU
	EndGlobalSection
	GlobalSection(ProjectConfigurationPlatforms) = postSolution
		{A3D4DFFD-E125-41EC-8031-9CECCAFAC227}.Debug|Any CPU.ActiveCfg = Debug|Any CPU
		{A3D4DFFD-E125-41EC-8031-9CECCAFAC227}.Debug|Any CPU.Build.0 = Debug|Any CPU
		{A3D4DFFD-E125-41EC-8031-9CECCAFAC227}.Release|Any CPU.ActiveCfg = Release|Any CPU
		{A3D4DFFD-E125-41EC-8031-9CECCAFAC227}.Release|Any CPU.Build.0 = Release|Any CPU
		{17B5207A-FAE4-4FF2-A6B9-366C5B3D3255}.Debug|Any CPU.ActiveCfg = Debug|Any CPU
		{17B5207A-FAE4-4FF2-A6B9-366C5B3D3255}.Debug|Any CPU.Build.0 = Debug|Any CPU
		{17B5207A-FAE4-4FF2-A6B9-366C5B3D3255}.Release|Any CPU.ActiveCfg = Release|Any CPU
		{17B5207A-FAE4-4FF2-A6B9-366C5B3D3255}.Release|Any CPU.Build.0 = Release|Any CPU
		{38B31EF5-FC9C-4C46-831F-E483D98FA0F4}.Debug|Any CPU.ActiveCfg = Debug|Any CPU
		{38B31EF5-FC9C-4C46-831F-E483D98FA0F4}.Debug|Any CPU.Build.0 = Debug|Any CPU
		{38B31EF5-FC9C-4C46-831F-E483D98FA0F4}.Release|Any CPU.ActiveCfg = Release|Any CPU
		{38B31EF5-FC9C-4C46-831F-E483D98FA0F4}.Release|Any CPU.Build.0 = Release|Any CPU
		{F9177CF8-A738-4C50-98E1-62F3B5848D8B}.Debug|Any CPU.ActiveCfg = Debug|Any CPU
		{F9177CF8-A738-4C50-98E1-62F3B5848D8B}.Debug|Any CPU.Build.0 = Debug|Any CPU
		{F9177CF8-A738-4C50-98E1-62F3B5848D8B}.Release|Any CPU.ActiveCfg = Release|Any CPU
		{F9177CF8-A738-4C50-98E1-62F3B5848D8B}.Release|Any CPU.Build.0 = Release|Any CPU
		{1328FDE9-FE79-4569-B402-97C45B43A13C}.Debug|Any CPU.ActiveCfg = Debug|Any CPU
		{1328FDE9-FE79-4569-B402-97C45B43A13C}.Debug|Any CPU.Build.0 = Debug|Any CPU
		{1328FDE9-FE79-4569-B402-97C45B43A13C}.Release|Any CPU.ActiveCfg = Release|Any CPU
		{1328FDE9-FE79-4569-B402-97C45B43A13C}.Release|Any CPU.Build.0 = Release|Any CPU
	EndGlobalSection
	GlobalSection(SolutionProperties) = preSolution
		HideSolutionNode = FALSE
	EndGlobalSection
	GlobalSection(ExtensibilityGlobals) = postSolution
		SolutionGuid = {A9D037B9-8EB6-43B9-9A2B-1ACEC7480F1D}
	EndGlobalSection
EndGlobal
